
Microsoft Visual Studio Solution File, Format Version 12.00
# Visual Studio Version 17
VisualStudioVersion = 17.10.35027.167
MinimumVisualStudioVersion = 10.0.40219.1
Project("{8BC9CEB8-8B4A-11D0-8D11-00A0C91BC942}") = "1028", "1028\1028.vcxproj", "{B4FC99E8-62FB-4E49-A91F-A1116CB49EA8}"
EndProject
Global
	GlobalSection(SolutionConfigurationPlatforms) = preSolution
		Debug|x64 = Debug|x64
		Debug|x86 = Debug|x86
		Release|x64 = Release|x64
		Release|x86 = Release|x86
	EndGlobalSection
	GlobalSection(ProjectConfigurationPlatforms) = postSolution
		{B4FC99E8-62FB-4E49-A91F-A1116CB49EA8}.Debug|x64.ActiveCfg = Debug|x64
		{B4FC99E8-62FB-4E49-A91F-A1116CB49EA8}.Debug|x64.Build.0 = Debug|x64
		{B4FC99E8-62FB-4E49-A91F-A1116CB49EA8}.Debug|x86.ActiveCfg = Debug|Win32
		{B4FC99E8-62FB-4E49-A91F-A1116CB49EA8}.Debug|x86.Build.0 = Debug|Win32
		{B4FC99E8-62FB-4E49-A91F-A1116CB49EA8}.Release|x64.ActiveCfg = Release|x64
		{B4FC99E8-62FB-4E49-A91F-A1116CB49EA8}.Release|x64.Build.0 = Release|x64
		{B4FC99E8-62FB-4E49-A91F-A1116CB49EA8}.Release|x86.ActiveCfg = Release|Win32
		{B4FC99E8-62FB-4E49-A91F-A1116CB49EA8}.Release|x86.Build.0 = Release|Win32
	EndGlobalSection
	GlobalSection(SolutionProperties) = preSolution
		HideSolutionNode = FALSE
	EndGlobalSection
	GlobalSection(ExtensibilityGlobals) = postSolution
		SolutionGuid = {E75C0CAA-9C32-448D-9BB8-21692B195B37}
	EndGlobalSection
EndGlobal
