
Microsoft Visual Studio Solution File, Format Version 12.00
# Visual Studio Version 17
VisualStudioVersion = 17.10.35027.167
MinimumVisualStudioVersion = 10.0.40219.1
Project("{8BC9CEB8-8B4A-11D0-8D11-00A0C91BC942}") = "0930", "0930\0930.vcxproj", "{387C85D7-F92F-4C58-9C87-390BC3B08F2D}"
EndProject
Global
	GlobalSection(SolutionConfigurationPlatforms) = preSolution
		Debug|x64 = Debug|x64
		Debug|x86 = Debug|x86
		Release|x64 = Release|x64
		Release|x86 = Release|x86
	EndGlobalSection
	GlobalSection(ProjectConfigurationPlatforms) = postSolution
		{387C85D7-F92F-4C58-9C87-390BC3B08F2D}.Debug|x64.ActiveCfg = Debug|x64
		{387C85D7-F92F-4C58-9C87-390BC3B08F2D}.Debug|x64.Build.0 = Debug|x64
		{387C85D7-F92F-4C58-9C87-390BC3B08F2D}.Debug|x86.ActiveCfg = Debug|Win32
		{387C85D7-F92F-4C58-9C87-390BC3B08F2D}.Debug|x86.Build.0 = Debug|Win32
		{387C85D7-F92F-4C58-9C87-390BC3B08F2D}.Release|x64.ActiveCfg = Release|x64
		{387C85D7-F92F-4C58-9C87-390BC3B08F2D}.Release|x64.Build.0 = Release|x64
		{387C85D7-F92F-4C58-9C87-390BC3B08F2D}.Release|x86.ActiveCfg = Release|Win32
		{387C85D7-F92F-4C58-9C87-390BC3B08F2D}.Release|x86.Build.0 = Release|Win32
	EndGlobalSection
	GlobalSection(SolutionProperties) = preSolution
		HideSolutionNode = FALSE
	EndGlobalSection
	GlobalSection(ExtensibilityGlobals) = postSolution
		SolutionGuid = {B4E5CFF7-1DF1-4CEC-8599-14E7BB8DBB6D}
	EndGlobalSection
EndGlobal
